// !$*UTF8*$!
{
	archiveVersion = 1;
	classes = {
	};
	objectVersion = 46;
	objects = {

/* Begin PBXBuildFile section */
		01041E31199FF5C500816CB4 /* SMButton.m in Sources */ = {isa = PBXBuildFile; fileRef = 01041E30199FF5C500816CB4 /* SMButton.m */; };
		01188AFD1A12B17E009348C3 /* SMBlockItem.m in Sources */ = {isa = PBXBuildFile; fileRef = 01188AFC1A12B17E009348C3 /* SMBlockItem.m */; };
		011F31DB19D9DEF1009D37DA /* SnappyJS in Resources */ = {isa = PBXBuildFile; fileRef = 011F31DA19D9DEF1009D37DA /* SnappyJS */; };
		0141819F19F06DFD00078B0C /* ElegantIcons.woff in Resources */ = {isa = PBXBuildFile; fileRef = 0141819E19F06DFD00078B0C /* ElegantIcons.woff */; };
		0143431419A2FF5400AF7366 /* SMBezierPath.m in Sources */ = {isa = PBXBuildFile; fileRef = 0143431319A2FF5400AF7366 /* SMBezierPath.m */; };
		0143431719A3066D00AF7366 /* SMFlashButton.m in Sources */ = {isa = PBXBuildFile; fileRef = 0143431619A3066D00AF7366 /* SMFlashButton.m */; };
		014B8913199D939E00A4DE96 /* SMLoadingView.m in Sources */ = {isa = PBXBuildFile; fileRef = 014B8912199D939E00A4DE96 /* SMLoadingView.m */; };
		014B8916199DA9ED00A4DE96 /* SMQuitMediaButton.m in Sources */ = {isa = PBXBuildFile; fileRef = 014B8915199DA9ED00A4DE96 /* SMQuitMediaButton.m */; };
		015771921A0D39B50032CDD5 /* SMWindow.m in Sources */ = {isa = PBXBuildFile; fileRef = 015771911A0D39B50032CDD5 /* SMWindow.m */; };
		015D04A019F546F800B4F461 /* AFHTTPRequestOperation.m in Sources */ = {isa = PBXBuildFile; fileRef = 015D048E19F546F800B4F461 /* AFHTTPRequestOperation.m */; };
		015D04A119F546F800B4F461 /* AFHTTPRequestOperationManager.m in Sources */ = {isa = PBXBuildFile; fileRef = 015D049019F546F800B4F461 /* AFHTTPRequestOperationManager.m */; };
		015D04A219F546F800B4F461 /* AFHTTPSessionManager.m in Sources */ = {isa = PBXBuildFile; fileRef = 015D049219F546F800B4F461 /* AFHTTPSessionManager.m */; };
		015D04A319F546F800B4F461 /* AFNetworkReachabilityManager.m in Sources */ = {isa = PBXBuildFile; fileRef = 015D049519F546F800B4F461 /* AFNetworkReachabilityManager.m */; };
		015D04A419F546F800B4F461 /* AFSecurityPolicy.m in Sources */ = {isa = PBXBuildFile; fileRef = 015D049719F546F800B4F461 /* AFSecurityPolicy.m */; };
		015D04A519F546F800B4F461 /* AFURLConnectionOperation.m in Sources */ = {isa = PBXBuildFile; fileRef = 015D049919F546F800B4F461 /* AFURLConnectionOperation.m */; };
		015D04A619F546F800B4F461 /* AFURLRequestSerialization.m in Sources */ = {isa = PBXBuildFile; fileRef = 015D049B19F546F800B4F461 /* AFURLRequestSerialization.m */; };
		015D04A719F546F800B4F461 /* AFURLResponseSerialization.m in Sources */ = {isa = PBXBuildFile; fileRef = 015D049D19F546F800B4F461 /* AFURLResponseSerialization.m */; };
		015D04A819F546F800B4F461 /* AFURLSessionManager.m in Sources */ = {isa = PBXBuildFile; fileRef = 015D049F19F546F800B4F461 /* AFURLSessionManager.m */; };
		015D04AB19F54EFF00B4F461 /* SMCrypto.m in Sources */ = {isa = PBXBuildFile; fileRef = 015D04AA19F54EFF00B4F461 /* SMCrypto.m */; };
		015D04AE19F5555E00B4F461 /* SMFileCollector.m in Sources */ = {isa = PBXBuildFile; fileRef = 015D04AD19F5555E00B4F461 /* SMFileCollector.m */; };
		019AA93B19A029A6001F4A14 /* SMPhotoToolsView.m in Sources */ = {isa = PBXBuildFile; fileRef = 019AA93A19A029A6001F4A14 /* SMPhotoToolsView.m */; };
		01A9F216199C521F003776E3 /* SMPhotoButton.m in Sources */ = {isa = PBXBuildFile; fileRef = 01A9F215199C521F003776E3 /* SMPhotoButton.m */; };
		01B6A22A19F1B07700E2B22B /* About.m in Sources */ = {isa = PBXBuildFile; fileRef = 01B6A22919F1B07700E2B22B /* About.m */; };
		01F0B61E19984B66000EF0A9 /* SnapJS.m in Sources */ = {isa = PBXBuildFile; fileRef = 01F0B61D19984B66000EF0A9 /* SnapJS.m */; };
		01F0B62119985F5F000EF0A9 /* SnapBack.m in Sources */ = {isa = PBXBuildFile; fileRef = 01F0B62019985F5F000EF0A9 /* SnapBack.m */; };
		4915DFE11904202400969F60 /* Snappy.icns in Resources */ = {isa = PBXBuildFile; fileRef = 4915DFE01904202400969F60 /* Snappy.icns */; };
		4915DFE619045DAE00969F60 /* SMImage.m in Sources */ = {isa = PBXBuildFile; fileRef = 4915DFE519045DAE00969F60 /* SMImage.m */; };
		491A367818EA587900285295 /* SMWebUI.m in Sources */ = {isa = PBXBuildFile; fileRef = 491A367718EA587900285295 /* SMWebUI.m */; };
		491A367A18EA599400285295 /* mainUI.html in Resources */ = {isa = PBXBuildFile; fileRef = 491A367918EA599400285295 /* mainUI.html */; };
		491A367C18EA5CE700285295 /* mainUI.css in Resources */ = {isa = PBXBuildFile; fileRef = 491A367B18EA5CE700285295 /* mainUI.css */; };
		491D2A6618E901330026A755 /* InfoPlist.strings in Resources */ = {isa = PBXBuildFile; fileRef = 491D2A6418E901330026A755 /* InfoPlist.strings */; };
		491D2A6818E901330026A755 /* main.m in Sources */ = {isa = PBXBuildFile; fileRef = 491D2A6718E901330026A755 /* main.m */; };
		491D2A6C18E901330026A755 /* Credits.rtf in Resources */ = {isa = PBXBuildFile; fileRef = 491D2A6A18E901330026A755 /* Credits.rtf */; };
		491D2A6F18E901330026A755 /* Snappy.m in Sources */ = {isa = PBXBuildFile; fileRef = 491D2A6E18E901330026A755 /* Snappy.m */; };
		491D2A7218E901330026A755 /* Snappy.xib in Resources */ = {isa = PBXBuildFile; fileRef = 491D2A7018E901330026A755 /* Snappy.xib */; };
		491D2A7418E901330026A755 /* Images.xcassets in Resources */ = {isa = PBXBuildFile; fileRef = 491D2A7318E901330026A755 /* Images.xcassets */; };
		491D2A7B18E901330026A755 /* XCTest.framework in Frameworks */ = {isa = PBXBuildFile; fileRef = 491D2A7A18E901330026A755 /* XCTest.framework */; };
		491D2A7C18E901330026A755 /* Cocoa.framework in Frameworks */ = {isa = PBXBuildFile; fileRef = 491D2A5B18E901330026A755 /* Cocoa.framework */; };
		491D2A8418E901330026A755 /* InfoPlist.strings in Resources */ = {isa = PBXBuildFile; fileRef = 491D2A8218E901330026A755 /* InfoPlist.strings */; };
		491D2A8618E901330026A755 /* SnapMacTests.m in Sources */ = {isa = PBXBuildFile; fileRef = 491D2A8518E901330026A755 /* SnapMacTests.m */; };
		491D2A9118E90F3E0026A755 /* SMConnection.m in Sources */ = {isa = PBXBuildFile; fileRef = 491D2A9018E90F3E0026A755 /* SMConnection.m */; };
		491D2AAC18E928590026A755 /* ASIDataCompressor.m in Sources */ = {isa = PBXBuildFile; fileRef = 491D2A9B18E928590026A755 /* ASIDataCompressor.m */; settings = {COMPILER_FLAGS = "-fno-objc-arc"; }; };
		491D2AAD18E928590026A755 /* ASIDataDecompressor.m in Sources */ = {isa = PBXBuildFile; fileRef = 491D2A9D18E928590026A755 /* ASIDataDecompressor.m */; settings = {COMPILER_FLAGS = "-fno-objc-arc"; }; };
		491D2AAE18E928590026A755 /* ASIDownloadCache.m in Sources */ = {isa = PBXBuildFile; fileRef = 491D2A9F18E928590026A755 /* ASIDownloadCache.m */; settings = {COMPILER_FLAGS = "-fno-objc-arc"; }; };
		491D2AAF18E928590026A755 /* ASIFormDataRequest.m in Sources */ = {isa = PBXBuildFile; fileRef = 491D2AA118E928590026A755 /* ASIFormDataRequest.m */; settings = {COMPILER_FLAGS = "-fno-objc-arc"; }; };
		491D2AB018E928590026A755 /* ASIHTTPRequest.m in Sources */ = {isa = PBXBuildFile; fileRef = 491D2AA318E928590026A755 /* ASIHTTPRequest.m */; settings = {COMPILER_FLAGS = "-fno-objc-arc"; }; };
		491D2AB118E928590026A755 /* ASIInputStream.m in Sources */ = {isa = PBXBuildFile; fileRef = 491D2AA718E928590026A755 /* ASIInputStream.m */; settings = {COMPILER_FLAGS = "-fno-objc-arc"; }; };
		491D2AB218E928590026A755 /* ASINetworkQueue.m in Sources */ = {isa = PBXBuildFile; fileRef = 491D2AA918E928590026A755 /* ASINetworkQueue.m */; settings = {COMPILER_FLAGS = "-fno-objc-arc"; }; };
		49248D1818F023D3009837CD /* pacifico.woff in Resources */ = {isa = PBXBuildFile; fileRef = 49248D1418F023D3009837CD /* pacifico.woff */; };
		49248D1A18F023DE009837CD /* fonts.css in Resources */ = {isa = PBXBuildFile; fileRef = 49248D1918F023DE009837CD /* fonts.css */; };
		492A08FA192E62BF00DB0C37 /* play.png in Resources */ = {isa = PBXBuildFile; fileRef = 492A08F9192E62BF00DB0C37 /* play.png */; };
		4935CBEA18F3135A00BF5586 /* adb in Resources */ = {isa = PBXBuildFile; fileRef = 4935CBE918F3135A00BF5586 /* adb */; };
		4935CBED18F315E400BF5586 /* SMAndroidSync.m in Sources */ = {isa = PBXBuildFile; fileRef = 4935CBEC18F315E400BF5586 /* SMAndroidSync.m */; };
		4935CBEF18F32D3000BF5586 /* Settings.xib in Resources */ = {isa = PBXBuildFile; fileRef = 4935CBEE18F32D3000BF5586 /* Settings.xib */; };
		4935CBF218F32D5E00BF5586 /* SMSettings.m in Sources */ = {isa = PBXBuildFile; fileRef = 4935CBF118F32D5E00BF5586 /* SMSettings.m */; };
		497602A118EA7A7700F85C87 /* jquery-2.1.0.min.js in Resources */ = {isa = PBXBuildFile; fileRef = 497602A018EA7A7700F85C87 /* jquery-2.1.0.min.js */; };
		499F56C0195B44BA007D882B /* SystemConfiguration.framework in Frameworks */ = {isa = PBXBuildFile; fileRef = 499F56BF195B44BA007D882B /* SystemConfiguration.framework */; };
		499F56C2195B44C0007D882B /* WebKit.framework in Frameworks */ = {isa = PBXBuildFile; fileRef = 499F56C1195B44C0007D882B /* WebKit.framework */; };
		499F56C3195B44C4007D882B /* Cocoa.framework in Frameworks */ = {isa = PBXBuildFile; fileRef = 491D2A5B18E901330026A755 /* Cocoa.framework */; };
		499F56C4195B44CA007D882B /* Foundation.framework in Frameworks */ = {isa = PBXBuildFile; fileRef = 491D2A6018E901330026A755 /* Foundation.framework */; };
		499F56C6195B44D1007D882B /* AVFoundation.framework in Frameworks */ = {isa = PBXBuildFile; fileRef = 499F56C5195B44D1007D882B /* AVFoundation.framework */; };
		499F56C7195B44D5007D882B /* AppKit.framework in Frameworks */ = {isa = PBXBuildFile; fileRef = 491D2A5E18E901330026A755 /* AppKit.framework */; };
		499F56C9195B4569007D882B /* libz.dylib in Frameworks */ = {isa = PBXBuildFile; fileRef = 499F56C8195B4569007D882B /* libz.dylib */; };
		49B517AB18FC54D90050E3AD /* SnapMac Utils.c in Sources */ = {isa = PBXBuildFile; fileRef = 49B517AA18FC54D90050E3AD /* SnapMac Utils.c */; };
		49B517B018FC7B680050E3AD /* SMCamView.m in Sources */ = {isa = PBXBuildFile; fileRef = 49B517AF18FC7B680050E3AD /* SMCamView.m */; };
		49CDBDE318F1CEB40097C4B1 /* SSKeychain.m in Sources */ = {isa = PBXBuildFile; fileRef = 49CDBDE218F1CEB40097C4B1 /* SSKeychain.m */; };
		49E2BDED19041A5500BC9DF3 /* About.xib in Resources */ = {isa = PBXBuildFile; fileRef = 49E2BDEC19041A5500BC9DF3 /* About.xib */; };
		49E8A8E11950D84200005668 /* NSData+Base64.m in Sources */ = {isa = PBXBuildFile; fileRef = 49E8A8DF1950D84200005668 /* NSData+Base64.m */; };
		49FB478C18EA6106009B74BA /* glyphish.ttf in Resources */ = {isa = PBXBuildFile; fileRef = 49FB478B18EA6106009B74BA /* glyphish.ttf */; };
/* End PBXBuildFile section */

/* Begin PBXContainerItemProxy section */
		491D2A7D18E901330026A755 /* PBXContainerItemProxy */ = {
			isa = PBXContainerItemProxy;
			containerPortal = 491D2A5018E901330026A755 /* Project object */;
			proxyType = 1;
			remoteGlobalIDString = 491D2A5718E901330026A755;
			remoteInfo = SnapMac;
		};
/* End PBXContainerItemProxy section */

/* Begin PBXFileReference section */
		01041E2F199FF5C500816CB4 /* SMButton.h */ = {isa = PBXFileReference; fileEncoding = 4; lastKnownFileType = sourcecode.c.h; path = SMButton.h; sourceTree = "<group>"; };
		01041E30199FF5C500816CB4 /* SMButton.m */ = {isa = PBXFileReference; fileEncoding = 4; lastKnownFileType = sourcecode.c.objc; path = SMButton.m; sourceTree = "<group>"; };
		01188AFB1A12B17E009348C3 /* SMBlockItem.h */ = {isa = PBXFileReference; fileEncoding = 4; lastKnownFileType = sourcecode.c.h; name = SMBlockItem.h; path = ../SMBlockItem.h; sourceTree = "<group>"; };
		01188AFC1A12B17E009348C3 /* SMBlockItem.m */ = {isa = PBXFileReference; fileEncoding = 4; lastKnownFileType = sourcecode.c.objc; name = SMBlockItem.m; path = ../SMBlockItem.m; sourceTree = "<group>"; };
		011F31DA19D9DEF1009D37DA /* SnappyJS */ = {isa = PBXFileReference; lastKnownFileType = folder; path = SnappyJS; sourceTree = "<group>"; };
		0141819E19F06DFD00078B0C /* ElegantIcons.woff */ = {isa = PBXFileReference; lastKnownFileType = file; path = ElegantIcons.woff; sourceTree = "<group>"; };
		0143431219A2FF5400AF7366 /* SMBezierPath.h */ = {isa = PBXFileReference; fileEncoding = 4; lastKnownFileType = sourcecode.c.h; path = SMBezierPath.h; sourceTree = "<group>"; };
		0143431319A2FF5400AF7366 /* SMBezierPath.m */ = {isa = PBXFileReference; fileEncoding = 4; lastKnownFileType = sourcecode.c.objc; path = SMBezierPath.m; sourceTree = "<group>"; };
		0143431519A3066D00AF7366 /* SMFlashButton.h */ = {isa = PBXFileReference; fileEncoding = 4; lastKnownFileType = sourcecode.c.h; path = SMFlashButton.h; sourceTree = "<group>"; };
		0143431619A3066D00AF7366 /* SMFlashButton.m */ = {isa = PBXFileReference; fileEncoding = 4; lastKnownFileType = sourcecode.c.objc; path = SMFlashButton.m; sourceTree = "<group>"; };
		014B8911199D939E00A4DE96 /* SMLoadingView.h */ = {isa = PBXFileReference; fileEncoding = 4; lastKnownFileType = sourcecode.c.h; path = SMLoadingView.h; sourceTree = "<group>"; };
		014B8912199D939E00A4DE96 /* SMLoadingView.m */ = {isa = PBXFileReference; fileEncoding = 4; lastKnownFileType = sourcecode.c.objc; path = SMLoadingView.m; sourceTree = "<group>"; };
		014B8914199DA9ED00A4DE96 /* SMQuitMediaButton.h */ = {isa = PBXFileReference; fileEncoding = 4; lastKnownFileType = sourcecode.c.h; path = SMQuitMediaButton.h; sourceTree = "<group>"; };
		014B8915199DA9ED00A4DE96 /* SMQuitMediaButton.m */ = {isa = PBXFileReference; fileEncoding = 4; lastKnownFileType = sourcecode.c.objc; path = SMQuitMediaButton.m; sourceTree = "<group>"; };
		015771901A0D39B50032CDD5 /* SMWindow.h */ = {isa = PBXFileReference; fileEncoding = 4; lastKnownFileType = sourcecode.c.h; path = SMWindow.h; sourceTree = "<group>"; };
		015771911A0D39B50032CDD5 /* SMWindow.m */ = {isa = PBXFileReference; fileEncoding = 4; lastKnownFileType = sourcecode.c.objc; path = SMWindow.m; sourceTree = "<group>"; };
		015D048D19F546F800B4F461 /* AFHTTPRequestOperation.h */ = {isa = PBXFileReference; fileEncoding = 4; lastKnownFileType = sourcecode.c.h; path = AFHTTPRequestOperation.h; sourceTree = "<group>"; };
		015D048E19F546F800B4F461 /* AFHTTPRequestOperation.m */ = {isa = PBXFileReference; fileEncoding = 4; lastKnownFileType = sourcecode.c.objc; path = AFHTTPRequestOperation.m; sourceTree = "<group>"; };
		015D048F19F546F800B4F461 /* AFHTTPRequestOperationManager.h */ = {isa = PBXFileReference; fileEncoding = 4; lastKnownFileType = sourcecode.c.h; path = AFHTTPRequestOperationManager.h; sourceTree = "<group>"; };
		015D049019F546F800B4F461 /* AFHTTPRequestOperationManager.m */ = {isa = PBXFileReference; fileEncoding = 4; lastKnownFileType = sourcecode.c.objc; path = AFHTTPRequestOperationManager.m; sourceTree = "<group>"; };
		015D049119F546F800B4F461 /* AFHTTPSessionManager.h */ = {isa = PBXFileReference; fileEncoding = 4; lastKnownFileType = sourcecode.c.h; path = AFHTTPSessionManager.h; sourceTree = "<group>"; };
		015D049219F546F800B4F461 /* AFHTTPSessionManager.m */ = {isa = PBXFileReference; fileEncoding = 4; lastKnownFileType = sourcecode.c.objc; path = AFHTTPSessionManager.m; sourceTree = "<group>"; };
		015D049319F546F800B4F461 /* AFNetworking.h */ = {isa = PBXFileReference; fileEncoding = 4; lastKnownFileType = sourcecode.c.h; path = AFNetworking.h; sourceTree = "<group>"; };
		015D049419F546F800B4F461 /* AFNetworkReachabilityManager.h */ = {isa = PBXFileReference; fileEncoding = 4; lastKnownFileType = sourcecode.c.h; path = AFNetworkReachabilityManager.h; sourceTree = "<group>"; };
		015D049519F546F800B4F461 /* AFNetworkReachabilityManager.m */ = {isa = PBXFileReference; fileEncoding = 4; lastKnownFileType = sourcecode.c.objc; path = AFNetworkReachabilityManager.m; sourceTree = "<group>"; };
		015D049619F546F800B4F461 /* AFSecurityPolicy.h */ = {isa = PBXFileReference; fileEncoding = 4; lastKnownFileType = sourcecode.c.h; path = AFSecurityPolicy.h; sourceTree = "<group>"; };
		015D049719F546F800B4F461 /* AFSecurityPolicy.m */ = {isa = PBXFileReference; fileEncoding = 4; lastKnownFileType = sourcecode.c.objc; path = AFSecurityPolicy.m; sourceTree = "<group>"; };
		015D049819F546F800B4F461 /* AFURLConnectionOperation.h */ = {isa = PBXFileReference; fileEncoding = 4; lastKnownFileType = sourcecode.c.h; path = AFURLConnectionOperation.h; sourceTree = "<group>"; };
		015D049919F546F800B4F461 /* AFURLConnectionOperation.m */ = {isa = PBXFileReference; fileEncoding = 4; lastKnownFileType = sourcecode.c.objc; path = AFURLConnectionOperation.m; sourceTree = "<group>"; };
		015D049A19F546F800B4F461 /* AFURLRequestSerialization.h */ = {isa = PBXFileReference; fileEncoding = 4; lastKnownFileType = sourcecode.c.h; path = AFURLRequestSerialization.h; sourceTree = "<group>"; };
		015D049B19F546F800B4F461 /* AFURLRequestSerialization.m */ = {isa = PBXFileReference; fileEncoding = 4; lastKnownFileType = sourcecode.c.objc; path = AFURLRequestSerialization.m; sourceTree = "<group>"; };
		015D049C19F546F800B4F461 /* AFURLResponseSerialization.h */ = {isa = PBXFileReference; fileEncoding = 4; lastKnownFileType = sourcecode.c.h; path = AFURLResponseSerialization.h; sourceTree = "<group>"; };
		015D049D19F546F800B4F461 /* AFURLResponseSerialization.m */ = {isa = PBXFileReference; fileEncoding = 4; lastKnownFileType = sourcecode.c.objc; path = AFURLResponseSerialization.m; sourceTree = "<group>"; };
		015D049E19F546F800B4F461 /* AFURLSessionManager.h */ = {isa = PBXFileReference; fileEncoding = 4; lastKnownFileType = sourcecode.c.h; path = AFURLSessionManager.h; sourceTree = "<group>"; };
		015D049F19F546F800B4F461 /* AFURLSessionManager.m */ = {isa = PBXFileReference; fileEncoding = 4; lastKnownFileType = sourcecode.c.objc; path = AFURLSessionManager.m; sourceTree = "<group>"; };
		015D04A919F54EFF00B4F461 /* SMCrypto.h */ = {isa = PBXFileReference; fileEncoding = 4; lastKnownFileType = sourcecode.c.h; path = SMCrypto.h; sourceTree = "<group>"; };
		015D04AA19F54EFF00B4F461 /* SMCrypto.m */ = {isa = PBXFileReference; fileEncoding = 4; lastKnownFileType = sourcecode.c.objc; path = SMCrypto.m; sourceTree = "<group>"; };
		015D04AC19F5555E00B4F461 /* SMFileCollector.h */ = {isa = PBXFileReference; fileEncoding = 4; lastKnownFileType = sourcecode.c.h; path = SMFileCollector.h; sourceTree = "<group>"; };
		015D04AD19F5555E00B4F461 /* SMFileCollector.m */ = {isa = PBXFileReference; fileEncoding = 4; lastKnownFileType = sourcecode.c.objc; path = SMFileCollector.m; sourceTree = "<group>"; };
		019AA93919A029A6001F4A14 /* SMPhotoToolsView.h */ = {isa = PBXFileReference; fileEncoding = 4; lastKnownFileType = sourcecode.c.h; path = SMPhotoToolsView.h; sourceTree = "<group>"; };
		019AA93A19A029A6001F4A14 /* SMPhotoToolsView.m */ = {isa = PBXFileReference; fileEncoding = 4; lastKnownFileType = sourcecode.c.objc; path = SMPhotoToolsView.m; sourceTree = "<group>"; };
		01A9F214199C521F003776E3 /* SMPhotoButton.h */ = {isa = PBXFileReference; fileEncoding = 4; lastKnownFileType = sourcecode.c.h; path = SMPhotoButton.h; sourceTree = "<group>"; };
		01A9F215199C521F003776E3 /* SMPhotoButton.m */ = {isa = PBXFileReference; fileEncoding = 4; lastKnownFileType = sourcecode.c.objc; path = SMPhotoButton.m; sourceTree = "<group>"; };
		01B6A22819F1B07700E2B22B /* About.h */ = {isa = PBXFileReference; fileEncoding = 4; lastKnownFileType = sourcecode.c.h; path = About.h; sourceTree = "<group>"; };
		01B6A22919F1B07700E2B22B /* About.m */ = {isa = PBXFileReference; fileEncoding = 4; lastKnownFileType = sourcecode.c.objc; path = About.m; sourceTree = "<group>"; };
		01F0B61C19984B66000EF0A9 /* SnapJS.h */ = {isa = PBXFileReference; fileEncoding = 4; lastKnownFileType = sourcecode.c.h; path = SnapJS.h; sourceTree = "<group>"; };
		01F0B61D19984B66000EF0A9 /* SnapJS.m */ = {isa = PBXFileReference; fileEncoding = 4; lastKnownFileType = sourcecode.c.objc; path = SnapJS.m; sourceTree = "<group>"; usesTabs = 1; };
		01F0B61F19985F5F000EF0A9 /* SnapBack.h */ = {isa = PBXFileReference; fileEncoding = 4; lastKnownFileType = sourcecode.c.h; path = SnapBack.h; sourceTree = "<group>"; };
		01F0B62019985F5F000EF0A9 /* SnapBack.m */ = {isa = PBXFileReference; fileEncoding = 4; lastKnownFileType = sourcecode.c.objc; path = SnapBack.m; sourceTree = "<group>"; };
		490CE9701946635900EF2D95 /* main.h */ = {isa = PBXFileReference; lastKnownFileType = sourcecode.c.h; path = main.h; sourceTree = "<group>"; };
		4915DFE01904202400969F60 /* Snappy.icns */ = {isa = PBXFileReference; lastKnownFileType = image.icns; path = Snappy.icns; sourceTree = "<group>"; };
		4915DFE219042FE100969F60 /* CoreMedia.framework */ = {isa = PBXFileReference; lastKnownFileType = wrapper.framework; name = CoreMedia.framework; path = Platforms/MacOSX.platform/Developer/SDKs/MacOSX10.8.sdk/System/Library/Frameworks/CoreMedia.framework; sourceTree = DEVELOPER_DIR; };
		4915DFE419045DAE00969F60 /* SMImage.h */ = {isa = PBXFileReference; fileEncoding = 4; lastKnownFileType = sourcecode.c.h; path = SMImage.h; sourceTree = "<group>"; };
		4915DFE519045DAE00969F60 /* SMImage.m */ = {isa = PBXFileReference; fileEncoding = 4; lastKnownFileType = sourcecode.c.objc; path = SMImage.m; sourceTree = "<group>"; usesTabs = 1; };
		491A367418EA562400285295 /* WebKit.framework */ = {isa = PBXFileReference; lastKnownFileType = wrapper.framework; name = WebKit.framework; path = Platforms/MacOSX.platform/Developer/SDKs/MacOSX10.8.sdk/System/Library/Frameworks/WebKit.framework; sourceTree = DEVELOPER_DIR; };
		491A367618EA587900285295 /* SMWebUI.h */ = {isa = PBXFileReference; fileEncoding = 4; lastKnownFileType = sourcecode.c.h; path = SMWebUI.h; sourceTree = "<group>"; };
		491A367718EA587900285295 /* SMWebUI.m */ = {isa = PBXFileReference; fileEncoding = 4; lastKnownFileType = sourcecode.c.objc; path = SMWebUI.m; sourceTree = "<group>"; };
		491A367918EA599400285295 /* mainUI.html */ = {isa = PBXFileReference; fileEncoding = 4; lastKnownFileType = text.html; path = mainUI.html; sourceTree = "<group>"; };
		491A367B18EA5CE700285295 /* mainUI.css */ = {isa = PBXFileReference; fileEncoding = 4; lastKnownFileType = text.css; path = mainUI.css; sourceTree = "<group>"; };
		491D2A5818E901330026A755 /* Snappy.app */ = {isa = PBXFileReference; explicitFileType = wrapper.application; includeInIndex = 0; path = Snappy.app; sourceTree = BUILT_PRODUCTS_DIR; };
		491D2A5B18E901330026A755 /* Cocoa.framework */ = {isa = PBXFileReference; lastKnownFileType = wrapper.framework; name = Cocoa.framework; path = System/Library/Frameworks/Cocoa.framework; sourceTree = SDKROOT; };
		491D2A5E18E901330026A755 /* AppKit.framework */ = {isa = PBXFileReference; lastKnownFileType = wrapper.framework; name = AppKit.framework; path = System/Library/Frameworks/AppKit.framework; sourceTree = SDKROOT; };
		491D2A5F18E901330026A755 /* CoreData.framework */ = {isa = PBXFileReference; lastKnownFileType = wrapper.framework; name = CoreData.framework; path = System/Library/Frameworks/CoreData.framework; sourceTree = SDKROOT; };
		491D2A6018E901330026A755 /* Foundation.framework */ = {isa = PBXFileReference; lastKnownFileType = wrapper.framework; name = Foundation.framework; path = System/Library/Frameworks/Foundation.framework; sourceTree = SDKROOT; };
		491D2A6318E901330026A755 /* Snappy-Info.plist */ = {isa = PBXFileReference; lastKnownFileType = text.plist.xml; path = "Snappy-Info.plist"; sourceTree = "<group>"; };
		491D2A6518E901330026A755 /* en */ = {isa = PBXFileReference; lastKnownFileType = text.plist.strings; name = en; path = en.lproj/InfoPlist.strings; sourceTree = "<group>"; };
		491D2A6718E901330026A755 /* main.m */ = {isa = PBXFileReference; lastKnownFileType = sourcecode.c.objc; path = main.m; sourceTree = "<group>"; };
		491D2A6918E901330026A755 /* Snappy-Prefix.pch */ = {isa = PBXFileReference; lastKnownFileType = sourcecode.c.h; path = "Snappy-Prefix.pch"; sourceTree = "<group>"; };
		491D2A6B18E901330026A755 /* en */ = {isa = PBXFileReference; lastKnownFileType = text.rtf; name = en; path = en.lproj/Credits.rtf; sourceTree = "<group>"; };
		491D2A6D18E901330026A755 /* Snappy.h */ = {isa = PBXFileReference; lastKnownFileType = sourcecode.c.h; path = Snappy.h; sourceTree = "<group>"; };
		491D2A6E18E901330026A755 /* Snappy.m */ = {isa = PBXFileReference; lastKnownFileType = sourcecode.c.objc; path = Snappy.m; sourceTree = "<group>"; };
		491D2A7118E901330026A755 /* Base */ = {isa = PBXFileReference; lastKnownFileType = file.xib; name = Base; path = Base.lproj/Snappy.xib; sourceTree = "<group>"; };
		491D2A7318E901330026A755 /* Images.xcassets */ = {isa = PBXFileReference; lastKnownFileType = folder.assetcatalog; name = Images.xcassets; path = SnapMac/Images.xcassets; sourceTree = "<group>"; };
		491D2A7918E901330026A755 /* SnappyTests.xctest */ = {isa = PBXFileReference; explicitFileType = wrapper.cfbundle; includeInIndex = 0; path = SnappyTests.xctest; sourceTree = BUILT_PRODUCTS_DIR; };
		491D2A7A18E901330026A755 /* XCTest.framework */ = {isa = PBXFileReference; lastKnownFileType = wrapper.framework; name = XCTest.framework; path = Library/Frameworks/XCTest.framework; sourceTree = DEVELOPER_DIR; };
		491D2A8118E901330026A755 /* SnappyTests-Info.plist */ = {isa = PBXFileReference; lastKnownFileType = text.plist.xml; path = "SnappyTests-Info.plist"; sourceTree = "<group>"; };
		491D2A8318E901330026A755 /* en */ = {isa = PBXFileReference; lastKnownFileType = text.plist.strings; name = en; path = en.lproj/InfoPlist.strings; sourceTree = "<group>"; };
		491D2A8518E901330026A755 /* SnapMacTests.m */ = {isa = PBXFileReference; lastKnownFileType = sourcecode.c.objc; path = SnapMacTests.m; sourceTree = "<group>"; };
		491D2A8F18E90F3E0026A755 /* SMConnection.h */ = {isa = PBXFileReference; fileEncoding = 4; lastKnownFileType = sourcecode.c.h; path = SMConnection.h; sourceTree = "<group>"; };
		491D2A9018E90F3E0026A755 /* SMConnection.m */ = {isa = PBXFileReference; fileEncoding = 4; lastKnownFileType = sourcecode.c.objc; path = SMConnection.m; sourceTree = "<group>"; };
		491D2A9218E910C10026A755 /* QTKit.framework */ = {isa = PBXFileReference; lastKnownFileType = wrapper.framework; name = QTKit.framework; path = System/Library/Frameworks/QTKit.framework; sourceTree = SDKROOT; };
		491D2A9418E910C90026A755 /* libcommonCrypto.dylib */ = {isa = PBXFileReference; lastKnownFileType = "compiled.mach-o.dylib"; name = libcommonCrypto.dylib; path = usr/lib/system/libcommonCrypto.dylib; sourceTree = SDKROOT; };
		491D2A9918E928590026A755 /* ASICacheDelegate.h */ = {isa = PBXFileReference; fileEncoding = 4; lastKnownFileType = sourcecode.c.h; path = ASICacheDelegate.h; sourceTree = "<group>"; };
		491D2A9A18E928590026A755 /* ASIDataCompressor.h */ = {isa = PBXFileReference; fileEncoding = 4; lastKnownFileType = sourcecode.c.h; path = ASIDataCompressor.h; sourceTree = "<group>"; };
		491D2A9B18E928590026A755 /* ASIDataCompressor.m */ = {isa = PBXFileReference; fileEncoding = 4; lastKnownFileType = sourcecode.c.objc; path = ASIDataCompressor.m; sourceTree = "<group>"; };
		491D2A9C18E928590026A755 /* ASIDataDecompressor.h */ = {isa = PBXFileReference; fileEncoding = 4; lastKnownFileType = sourcecode.c.h; path = ASIDataDecompressor.h; sourceTree = "<group>"; };
		491D2A9D18E928590026A755 /* ASIDataDecompressor.m */ = {isa = PBXFileReference; fileEncoding = 4; lastKnownFileType = sourcecode.c.objc; path = ASIDataDecompressor.m; sourceTree = "<group>"; };
		491D2A9E18E928590026A755 /* ASIDownloadCache.h */ = {isa = PBXFileReference; fileEncoding = 4; lastKnownFileType = sourcecode.c.h; path = ASIDownloadCache.h; sourceTree = "<group>"; };
		491D2A9F18E928590026A755 /* ASIDownloadCache.m */ = {isa = PBXFileReference; fileEncoding = 4; lastKnownFileType = sourcecode.c.objc; path = ASIDownloadCache.m; sourceTree = "<group>"; };
		491D2AA018E928590026A755 /* ASIFormDataRequest.h */ = {isa = PBXFileReference; fileEncoding = 4; lastKnownFileType = sourcecode.c.h; path = ASIFormDataRequest.h; sourceTree = "<group>"; };
		491D2AA118E928590026A755 /* ASIFormDataRequest.m */ = {isa = PBXFileReference; fileEncoding = 4; lastKnownFileType = sourcecode.c.objc; path = ASIFormDataRequest.m; sourceTree = "<group>"; };
		491D2AA218E928590026A755 /* ASIHTTPRequest.h */ = {isa = PBXFileReference; fileEncoding = 4; lastKnownFileType = sourcecode.c.h; path = ASIHTTPRequest.h; sourceTree = "<group>"; };
		491D2AA318E928590026A755 /* ASIHTTPRequest.m */ = {isa = PBXFileReference; fileEncoding = 4; lastKnownFileType = sourcecode.c.objc; path = ASIHTTPRequest.m; sourceTree = "<group>"; };
		491D2AA418E928590026A755 /* ASIHTTPRequestConfig.h */ = {isa = PBXFileReference; fileEncoding = 4; lastKnownFileType = sourcecode.c.h; path = ASIHTTPRequestConfig.h; sourceTree = "<group>"; };
		491D2AA518E928590026A755 /* ASIHTTPRequestDelegate.h */ = {isa = PBXFileReference; fileEncoding = 4; lastKnownFileType = sourcecode.c.h; path = ASIHTTPRequestDelegate.h; sourceTree = "<group>"; };
		491D2AA618E928590026A755 /* ASIInputStream.h */ = {isa = PBXFileReference; fileEncoding = 4; lastKnownFileType = sourcecode.c.h; path = ASIInputStream.h; sourceTree = "<group>"; };
		491D2AA718E928590026A755 /* ASIInputStream.m */ = {isa = PBXFileReference; fileEncoding = 4; lastKnownFileType = sourcecode.c.objc; path = ASIInputStream.m; sourceTree = "<group>"; };
		491D2AA818E928590026A755 /* ASINetworkQueue.h */ = {isa = PBXFileReference; fileEncoding = 4; lastKnownFileType = sourcecode.c.h; path = ASINetworkQueue.h; sourceTree = "<group>"; };
		491D2AA918E928590026A755 /* ASINetworkQueue.m */ = {isa = PBXFileReference; fileEncoding = 4; lastKnownFileType = sourcecode.c.objc; path = ASINetworkQueue.m; sourceTree = "<group>"; };
		491D2AAA18E928590026A755 /* ASIProgressDelegate.h */ = {isa = PBXFileReference; fileEncoding = 4; lastKnownFileType = sourcecode.c.h; path = ASIProgressDelegate.h; sourceTree = "<group>"; };
		491D2AB318E928C60026A755 /* libz.1.2.5.dylib */ = {isa = PBXFileReference; lastKnownFileType = "compiled.mach-o.dylib"; name = libz.1.2.5.dylib; path = usr/lib/libz.1.2.5.dylib; sourceTree = SDKROOT; };
		491D2AB818E9B8300026A755 /* QTKit.framework */ = {isa = PBXFileReference; lastKnownFileType = wrapper.framework; name = QTKit.framework; path = Platforms/MacOSX.platform/Developer/SDKs/MacOSX10.8.sdk/System/Library/Frameworks/QTKit.framework; sourceTree = DEVELOPER_DIR; };
		491D2ABA18E9B8910026A755 /* SystemConfiguration.framework */ = {isa = PBXFileReference; lastKnownFileType = wrapper.framework; name = SystemConfiguration.framework; path = Platforms/MacOSX.platform/Developer/SDKs/MacOSX10.8.sdk/System/Library/Frameworks/SystemConfiguration.framework; sourceTree = DEVELOPER_DIR; };
		491D2ABC18E9C4960026A755 /* AVFoundation.framework */ = {isa = PBXFileReference; lastKnownFileType = wrapper.framework; name = AVFoundation.framework; path = Platforms/MacOSX.platform/Developer/SDKs/MacOSX10.8.sdk/System/Library/Frameworks/AVFoundation.framework; sourceTree = DEVELOPER_DIR; };
		49248D1418F023D3009837CD /* pacifico.woff */ = {isa = PBXFileReference; lastKnownFileType = file; path = pacifico.woff; sourceTree = "<group>"; };
		49248D1918F023DE009837CD /* fonts.css */ = {isa = PBXFileReference; fileEncoding = 4; lastKnownFileType = text.css; path = fonts.css; sourceTree = "<group>"; };
		49248D1B18F025F2009837CD /* SM.js */ = {isa = PBXFileReference; fileEncoding = 4; lastKnownFileType = sourcecode.javascript; path = SM.js; sourceTree = "<group>"; };
		492A08F9192E62BF00DB0C37 /* play.png */ = {isa = PBXFileReference; lastKnownFileType = image.png; path = play.png; sourceTree = "<group>"; };
		4935CBE918F3135A00BF5586 /* adb */ = {isa = PBXFileReference; lastKnownFileType = "compiled.mach-o.executable"; path = adb; sourceTree = "<group>"; };
		4935CBEB18F315E400BF5586 /* SMAndroidSync.h */ = {isa = PBXFileReference; fileEncoding = 4; lastKnownFileType = sourcecode.c.h; path = SMAndroidSync.h; sourceTree = "<group>"; };
		4935CBEC18F315E400BF5586 /* SMAndroidSync.m */ = {isa = PBXFileReference; fileEncoding = 4; lastKnownFileType = sourcecode.c.objc; path = SMAndroidSync.m; sourceTree = "<group>"; };
		4935CBEE18F32D3000BF5586 /* Settings.xib */ = {isa = PBXFileReference; fileEncoding = 4; lastKnownFileType = file.xib; path = Settings.xib; sourceTree = "<group>"; };
		4935CBF018F32D5E00BF5586 /* SMSettings.h */ = {isa = PBXFileReference; fileEncoding = 4; lastKnownFileType = sourcecode.c.h; path = SMSettings.h; sourceTree = "<group>"; };
		4935CBF118F32D5E00BF5586 /* SMSettings.m */ = {isa = PBXFileReference; fileEncoding = 4; lastKnownFileType = sourcecode.c.objc; path = SMSettings.m; sourceTree = "<group>"; };
		497602A018EA7A7700F85C87 /* jquery-2.1.0.min.js */ = {isa = PBXFileReference; fileEncoding = 4; lastKnownFileType = sourcecode.javascript; path = "jquery-2.1.0.min.js"; sourceTree = "<group>"; };
		497602A918EAE44500F85C87 /* Quartz.framework */ = {isa = PBXFileReference; lastKnownFileType = wrapper.framework; name = Quartz.framework; path = Platforms/MacOSX.platform/Developer/SDKs/MacOSX10.8.sdk/System/Library/Frameworks/Quartz.framework; sourceTree = DEVELOPER_DIR; };
		499F56BF195B44BA007D882B /* SystemConfiguration.framework */ = {isa = PBXFileReference; lastKnownFileType = wrapper.framework; name = SystemConfiguration.framework; path = System/Library/Frameworks/SystemConfiguration.framework; sourceTree = SDKROOT; };
		499F56C1195B44C0007D882B /* WebKit.framework */ = {isa = PBXFileReference; lastKnownFileType = wrapper.framework; name = WebKit.framework; path = System/Library/Frameworks/WebKit.framework; sourceTree = SDKROOT; };
		499F56C5195B44D1007D882B /* AVFoundation.framework */ = {isa = PBXFileReference; lastKnownFileType = wrapper.framework; name = AVFoundation.framework; path = System/Library/Frameworks/AVFoundation.framework; sourceTree = SDKROOT; };
		499F56C8195B4569007D882B /* libz.dylib */ = {isa = PBXFileReference; lastKnownFileType = "compiled.mach-o.dylib"; name = libz.dylib; path = usr/lib/libz.dylib; sourceTree = SDKROOT; };
		49B2437418F333DF00F33A43 /* MobileDevice.framework */ = {isa = PBXFileReference; lastKnownFileType = wrapper.framework; name = MobileDevice.framework; path = ../../../../System/Library/PrivateFrameworks/MobileDevice.framework; sourceTree = "<group>"; };
		49B2437918F33EB100F33A43 /* MobileDevice.h */ = {isa = PBXFileReference; lastKnownFileType = sourcecode.c.h; path = MobileDevice.h; sourceTree = "<group>"; };
		49B517AA18FC54D90050E3AD /* SnapMac Utils.c */ = {isa = PBXFileReference; fileEncoding = 4; lastKnownFileType = sourcecode.c.c; path = "SnapMac Utils.c"; sourceTree = "<group>"; };
		49B517AE18FC7B680050E3AD /* SMCamView.h */ = {isa = PBXFileReference; fileEncoding = 4; lastKnownFileType = sourcecode.c.h; path = SMCamView.h; sourceTree = "<group>"; };
		49B517AF18FC7B680050E3AD /* SMCamView.m */ = {isa = PBXFileReference; fileEncoding = 4; lastKnownFileType = sourcecode.c.objc; path = SMCamView.m; sourceTree = "<group>"; };
		49CDBDE118F1CEB40097C4B1 /* SSKeychain.h */ = {isa = PBXFileReference; fileEncoding = 4; lastKnownFileType = sourcecode.c.h; path = SSKeychain.h; sourceTree = "<group>"; };
		49CDBDE218F1CEB40097C4B1 /* SSKeychain.m */ = {isa = PBXFileReference; fileEncoding = 4; lastKnownFileType = sourcecode.c.objc; path = SSKeychain.m; sourceTree = "<group>"; };
		49CDBDE418F1D18C0097C4B1 /* Security.framework */ = {isa = PBXFileReference; lastKnownFileType = wrapper.framework; name = Security.framework; path = Platforms/MacOSX.platform/Developer/SDKs/MacOSX10.8.sdk/System/Library/Frameworks/Security.framework; sourceTree = DEVELOPER_DIR; };
		49E2BDEC19041A5500BC9DF3 /* About.xib */ = {isa = PBXFileReference; fileEncoding = 4; lastKnownFileType = file.xib; path = About.xib; sourceTree = "<group>"; };
		49E8A8DF1950D84200005668 /* NSData+Base64.m */ = {isa = PBXFileReference; fileEncoding = 4; lastKnownFileType = sourcecode.c.objc; path = "NSData+Base64.m"; sourceTree = "<group>"; };
		49E8A8E01950D84200005668 /* NSData+Base64.h */ = {isa = PBXFileReference; fileEncoding = 4; lastKnownFileType = sourcecode.c.h; path = "NSData+Base64.h"; sourceTree = "<group>"; };
		49FB478B18EA6106009B74BA /* glyphish.ttf */ = {isa = PBXFileReference; lastKnownFileType = file; path = glyphish.ttf; sourceTree = "<group>"; };
/* End PBXFileReference section */

/* Begin PBXFrameworksBuildPhase section */
		491D2A5518E901330026A755 /* Frameworks */ = {
			isa = PBXFrameworksBuildPhase;
			buildActionMask = 2147483647;
			files = (
				499F56C9195B4569007D882B /* libz.dylib in Frameworks */,
				499F56C7195B44D5007D882B /* AppKit.framework in Frameworks */,
				499F56C6195B44D1007D882B /* AVFoundation.framework in Frameworks */,
				499F56C4195B44CA007D882B /* Foundation.framework in Frameworks */,
				499F56C3195B44C4007D882B /* Cocoa.framework in Frameworks */,
				499F56C2195B44C0007D882B /* WebKit.framework in Frameworks */,
				499F56C0195B44BA007D882B /* SystemConfiguration.framework in Frameworks */,
			);
			runOnlyForDeploymentPostprocessing = 0;
		};
		491D2A7618E901330026A755 /* Frameworks */ = {
			isa = PBXFrameworksBuildPhase;
			buildActionMask = 2147483647;
			files = (
				491D2A7C18E901330026A755 /* Cocoa.framework in Frameworks */,
				491D2A7B18E901330026A755 /* XCTest.framework in Frameworks */,
			);
			runOnlyForDeploymentPostprocessing = 0;
		};
/* End PBXFrameworksBuildPhase section */

/* Begin PBXGroup section */
		015D048C19F546F800B4F461 /* AFNetworking */ = {
			isa = PBXGroup;
			children = (
				015D048D19F546F800B4F461 /* AFHTTPRequestOperation.h */,
				015D048E19F546F800B4F461 /* AFHTTPRequestOperation.m */,
				015D048F19F546F800B4F461 /* AFHTTPRequestOperationManager.h */,
				015D049019F546F800B4F461 /* AFHTTPRequestOperationManager.m */,
				015D049119F546F800B4F461 /* AFHTTPSessionManager.h */,
				015D049219F546F800B4F461 /* AFHTTPSessionManager.m */,
				015D049319F546F800B4F461 /* AFNetworking.h */,
				015D049419F546F800B4F461 /* AFNetworkReachabilityManager.h */,
				015D049519F546F800B4F461 /* AFNetworkReachabilityManager.m */,
				015D049619F546F800B4F461 /* AFSecurityPolicy.h */,
				015D049719F546F800B4F461 /* AFSecurityPolicy.m */,
				015D049819F546F800B4F461 /* AFURLConnectionOperation.h */,
				015D049919F546F800B4F461 /* AFURLConnectionOperation.m */,
				015D049A19F546F800B4F461 /* AFURLRequestSerialization.h */,
				015D049B19F546F800B4F461 /* AFURLRequestSerialization.m */,
				015D049C19F546F800B4F461 /* AFURLResponseSerialization.h */,
				015D049D19F546F800B4F461 /* AFURLResponseSerialization.m */,
				015D049E19F546F800B4F461 /* AFURLSessionManager.h */,
				015D049F19F546F800B4F461 /* AFURLSessionManager.m */,
			);
			path = AFNetworking;
			sourceTree = "<group>";
		};
		491D2A4F18E901330026A755 = {
			isa = PBXGroup;
			children = (
				4915DFE01904202400969F60 /* Snappy.icns */,
				491D2A6118E901330026A755 /* SnapMac */,
				491D2A7318E901330026A755 /* Images.xcassets */,
				491D2A7F18E901330026A755 /* SnapMacTests */,
				491D2A5A18E901330026A755 /* Frameworks */,
				491D2A5918E901330026A755 /* Products */,
			);
			sourceTree = "<group>";
		};
		491D2A5918E901330026A755 /* Products */ = {
			isa = PBXGroup;
			children = (
				491D2A5818E901330026A755 /* Snappy.app */,
				491D2A7918E901330026A755 /* SnappyTests.xctest */,
			);
			name = Products;
			sourceTree = "<group>";
		};
		491D2A5A18E901330026A755 /* Frameworks */ = {
			isa = PBXGroup;
			children = (
				499F56C8195B4569007D882B /* libz.dylib */,
				499F56C5195B44D1007D882B /* AVFoundation.framework */,
				499F56C1195B44C0007D882B /* WebKit.framework */,
				499F56BF195B44BA007D882B /* SystemConfiguration.framework */,
				4915DFE219042FE100969F60 /* CoreMedia.framework */,
				49B2437418F333DF00F33A43 /* MobileDevice.framework */,
				49CDBDE418F1D18C0097C4B1 /* Security.framework */,
				497602A918EAE44500F85C87 /* Quartz.framework */,
				491A367418EA562400285295 /* WebKit.framework */,
				491D2ABC18E9C4960026A755 /* AVFoundation.framework */,
				491D2ABA18E9B8910026A755 /* SystemConfiguration.framework */,
				491D2AB818E9B8300026A755 /* QTKit.framework */,
				491D2AB318E928C60026A755 /* libz.1.2.5.dylib */,
				491D2A9418E910C90026A755 /* libcommonCrypto.dylib */,
				491D2A9218E910C10026A755 /* QTKit.framework */,
				491D2A5B18E901330026A755 /* Cocoa.framework */,
				491D2A7A18E901330026A755 /* XCTest.framework */,
				491D2A5D18E901330026A755 /* Other Frameworks */,
			);
			name = Frameworks;
			sourceTree = "<group>";
		};
		491D2A5D18E901330026A755 /* Other Frameworks */ = {
			isa = PBXGroup;
			children = (
				491D2A5E18E901330026A755 /* AppKit.framework */,
				491D2A5F18E901330026A755 /* CoreData.framework */,
				491D2A6018E901330026A755 /* Foundation.framework */,
			);
			name = "Other Frameworks";
			sourceTree = "<group>";
		};
		491D2A6118E901330026A755 /* SnapMac */ = {
			isa = PBXGroup;
			children = (
				4915DFE419045DAE00969F60 /* SMImage.h */,
				4915DFE519045DAE00969F60 /* SMImage.m */,
				491D2A6D18E901330026A755 /* Snappy.h */,
				491D2A6E18E901330026A755 /* Snappy.m */,
				015771901A0D39B50032CDD5 /* SMWindow.h */,
				015771911A0D39B50032CDD5 /* SMWindow.m */,
				49BB97531938BD6E000EB7B5 /* Coeur */,
				49BB97541938BD82000EB7B5 /* Bridge Interface */,
				49BB97511938BD29000EB7B5 /* Interface */,
				49BB97521938BD4B000EB7B5 /* Documents */,
				49248D1018F023B8009837CD /* Fonts */,
				49CDBDE018F1CEA10097C4B1 /* SSKeychain */,
				491D2A9618E9284E0026A755 /* ASIHTTP */,
				491D2A6218E901330026A755 /* Supporting Files */,
			);
			path = SnapMac;
			sourceTree = "<group>";
		};
		491D2A6218E901330026A755 /* Supporting Files */ = {
			isa = PBXGroup;
			children = (
				491D2A6318E901330026A755 /* Snappy-Info.plist */,
				491D2A6418E901330026A755 /* InfoPlist.strings */,
				491D2A6718E901330026A755 /* main.m */,
				490CE9701946635900EF2D95 /* main.h */,
				49B517AA18FC54D90050E3AD /* SnapMac Utils.c */,
				491D2A6918E901330026A755 /* Snappy-Prefix.pch */,
				491D2A6A18E901330026A755 /* Credits.rtf */,
			);
			name = "Supporting Files";
			sourceTree = "<group>";
		};
		491D2A7F18E901330026A755 /* SnapMacTests */ = {
			isa = PBXGroup;
			children = (
				491D2A8518E901330026A755 /* SnapMacTests.m */,
				491D2A8018E901330026A755 /* Supporting Files */,
			);
			path = SnapMacTests;
			sourceTree = "<group>";
		};
		491D2A8018E901330026A755 /* Supporting Files */ = {
			isa = PBXGroup;
			children = (
				491D2A8118E901330026A755 /* SnappyTests-Info.plist */,
				491D2A8218E901330026A755 /* InfoPlist.strings */,
			);
			name = "Supporting Files";
			sourceTree = "<group>";
		};
		491D2A9618E9284E0026A755 /* ASIHTTP */ = {
			isa = PBXGroup;
			children = (
				491D2A9918E928590026A755 /* ASICacheDelegate.h */,
				491D2A9A18E928590026A755 /* ASIDataCompressor.h */,
				491D2A9B18E928590026A755 /* ASIDataCompressor.m */,
				491D2A9C18E928590026A755 /* ASIDataDecompressor.h */,
				491D2A9D18E928590026A755 /* ASIDataDecompressor.m */,
				491D2A9E18E928590026A755 /* ASIDownloadCache.h */,
				491D2A9F18E928590026A755 /* ASIDownloadCache.m */,
				491D2AA018E928590026A755 /* ASIFormDataRequest.h */,
				491D2AA118E928590026A755 /* ASIFormDataRequest.m */,
				491D2AA218E928590026A755 /* ASIHTTPRequest.h */,
				491D2AA318E928590026A755 /* ASIHTTPRequest.m */,
				491D2AA418E928590026A755 /* ASIHTTPRequestConfig.h */,
				491D2AA518E928590026A755 /* ASIHTTPRequestDelegate.h */,
				491D2AA618E928590026A755 /* ASIInputStream.h */,
				491D2AA718E928590026A755 /* ASIInputStream.m */,
				491D2AA818E928590026A755 /* ASINetworkQueue.h */,
				491D2AA918E928590026A755 /* ASINetworkQueue.m */,
				491D2AAA18E928590026A755 /* ASIProgressDelegate.h */,
			);
			name = ASIHTTP;
			sourceTree = "<group>";
		};
		49248D1018F023B8009837CD /* Fonts */ = {
			isa = PBXGroup;
			children = (
				0141819E19F06DFD00078B0C /* ElegantIcons.woff */,
				49248D1418F023D3009837CD /* pacifico.woff */,
				49248D1918F023DE009837CD /* fonts.css */,
			);
			name = Fonts;
			sourceTree = "<group>";
		};
		49BB97511938BD29000EB7B5 /* Interface */ = {
			isa = PBXGroup;
			children = (
				01B6A22819F1B07700E2B22B /* About.h */,
				01B6A22919F1B07700E2B22B /* About.m */,
				491A367618EA587900285295 /* SMWebUI.h */,
				491A367718EA587900285295 /* SMWebUI.m */,
				4935CBF018F32D5E00BF5586 /* SMSettings.h */,
				4935CBF118F32D5E00BF5586 /* SMSettings.m */,
				019AA93919A029A6001F4A14 /* SMPhotoToolsView.h */,
				019AA93A19A029A6001F4A14 /* SMPhotoToolsView.m */,
				0143431519A3066D00AF7366 /* SMFlashButton.h */,
				0143431619A3066D00AF7366 /* SMFlashButton.m */,
				0143431219A2FF5400AF7366 /* SMBezierPath.h */,
				0143431319A2FF5400AF7366 /* SMBezierPath.m */,
				01041E2F199FF5C500816CB4 /* SMButton.h */,
				01041E30199FF5C500816CB4 /* SMButton.m */,
				01A9F214199C521F003776E3 /* SMPhotoButton.h */,
				01A9F215199C521F003776E3 /* SMPhotoButton.m */,
				014B8914199DA9ED00A4DE96 /* SMQuitMediaButton.h */,
				014B8915199DA9ED00A4DE96 /* SMQuitMediaButton.m */,
				01188AFB1A12B17E009348C3 /* SMBlockItem.h */,
				01188AFC1A12B17E009348C3 /* SMBlockItem.m */,
				014B8911199D939E00A4DE96 /* SMLoadingView.h */,
				014B8912199D939E00A4DE96 /* SMLoadingView.m */,
				49B517AE18FC7B680050E3AD /* SMCamView.h */,
				49B517AF18FC7B680050E3AD /* SMCamView.m */,
				4935CBEE18F32D3000BF5586 /* Settings.xib */,
				49E2BDEC19041A5500BC9DF3 /* About.xib */,
				491D2A7018E901330026A755 /* Snappy.xib */,
			);
			name = Interface;
			sourceTree = "<group>";
		};
		49BB97521938BD4B000EB7B5 /* Documents */ = {
			isa = PBXGroup;
			children = (
				011F31DA19D9DEF1009D37DA /* SnappyJS */,
				4935CBE918F3135A00BF5586 /* adb */,
				491A367918EA599400285295 /* mainUI.html */,
				492A08F9192E62BF00DB0C37 /* play.png */,
				49248D1B18F025F2009837CD /* SM.js */,
				491A367B18EA5CE700285295 /* mainUI.css */,
				497602A018EA7A7700F85C87 /* jquery-2.1.0.min.js */,
				49FB478B18EA6106009B74BA /* glyphish.ttf */,
			);
			name = Documents;
			sourceTree = "<group>";
		};
		49BB97531938BD6E000EB7B5 /* Coeur */ = {
			isa = PBXGroup;
			children = (
				49B2437918F33EB100F33A43 /* MobileDevice.h */,
				4935CBEB18F315E400BF5586 /* SMAndroidSync.h */,
				4935CBEC18F315E400BF5586 /* SMAndroidSync.m */,
				491D2A8F18E90F3E0026A755 /* SMConnection.h */,
				491D2A9018E90F3E0026A755 /* SMConnection.m */,
				49E8A8E01950D84200005668 /* NSData+Base64.h */,
				49E8A8DF1950D84200005668 /* NSData+Base64.m */,
			);
			name = Coeur;
			sourceTree = "<group>";
		};
		49BB97541938BD82000EB7B5 /* Bridge Interface */ = {
			isa = PBXGroup;
			children = (
				015D048C19F546F800B4F461 /* AFNetworking */,
				01F0B61C19984B66000EF0A9 /* SnapJS.h */,
				01F0B61D19984B66000EF0A9 /* SnapJS.m */,
				015D04AC19F5555E00B4F461 /* SMFileCollector.h */,
				015D04AD19F5555E00B4F461 /* SMFileCollector.m */,
				015D04A919F54EFF00B4F461 /* SMCrypto.h */,
				015D04AA19F54EFF00B4F461 /* SMCrypto.m */,
				01F0B61F19985F5F000EF0A9 /* SnapBack.h */,
				01F0B62019985F5F000EF0A9 /* SnapBack.m */,
			);
			name = "Bridge Interface";
			sourceTree = "<group>";
		};
		49CDBDE018F1CEA10097C4B1 /* SSKeychain */ = {
			isa = PBXGroup;
			children = (
				49CDBDE118F1CEB40097C4B1 /* SSKeychain.h */,
				49CDBDE218F1CEB40097C4B1 /* SSKeychain.m */,
			);
			name = SSKeychain;
			sourceTree = "<group>";
		};
/* End PBXGroup section */

/* Begin PBXNativeTarget section */
		491D2A5718E901330026A755 /* Snappy */ = {
			isa = PBXNativeTarget;
			buildConfigurationList = 491D2A8918E901330026A755 /* Build configuration list for PBXNativeTarget "Snappy" */;
			buildPhases = (
				491D2A5418E901330026A755 /* Sources */,
				491D2A5518E901330026A755 /* Frameworks */,
				491D2A5618E901330026A755 /* Resources */,
				01409A9E19EDD4590071A3CA /* ShellScript */,
			);
			buildRules = (
			);
			dependencies = (
			);
			name = Snappy;
			productName = SnapMac;
			productReference = 491D2A5818E901330026A755 /* Snappy.app */;
			productType = "com.apple.product-type.application";
		};
		491D2A7818E901330026A755 /* SnappyTests */ = {
			isa = PBXNativeTarget;
			buildConfigurationList = 491D2A8C18E901330026A755 /* Build configuration list for PBXNativeTarget "SnappyTests" */;
			buildPhases = (
				491D2A7518E901330026A755 /* Sources */,
				491D2A7618E901330026A755 /* Frameworks */,
				491D2A7718E901330026A755 /* Resources */,
			);
			buildRules = (
			);
			dependencies = (
				491D2A7E18E901330026A755 /* PBXTargetDependency */,
			);
			name = SnappyTests;
			productName = SnapMacTests;
			productReference = 491D2A7918E901330026A755 /* SnappyTests.xctest */;
			productType = "com.apple.product-type.bundle.unit-test";
		};
/* End PBXNativeTarget section */

/* Begin PBXProject section */
		491D2A5018E901330026A755 /* Project object */ = {
			isa = PBXProject;
			attributes = {
				CLASSPREFIX = SM;
				LastUpgradeCheck = 0610;
				ORGANIZATIONNAME = "Fathy B";
				TargetAttributes = {
					491D2A7818E901330026A755 = {
						TestTargetID = 491D2A5718E901330026A755;
					};
				};
			};
			buildConfigurationList = 491D2A5318E901330026A755 /* Build configuration list for PBXProject "Snappy" */;
			compatibilityVersion = "Xcode 3.2";
			developmentRegion = English;
			hasScannedForEncodings = 0;
			knownRegions = (
				en,
				Base,
			);
			mainGroup = 491D2A4F18E901330026A755;
			productRefGroup = 491D2A5918E901330026A755 /* Products */;
			projectDirPath = "";
			projectRoot = "";
			targets = (
				491D2A5718E901330026A755 /* Snappy */,
				491D2A7818E901330026A755 /* SnappyTests */,
			);
		};
/* End PBXProject section */

/* Begin PBXResourcesBuildPhase section */
		491D2A5618E901330026A755 /* Resources */ = {
			isa = PBXResourcesBuildPhase;
			buildActionMask = 2147483647;
			files = (
				4915DFE11904202400969F60 /* Snappy.icns in Resources */,
				4935CBEF18F32D3000BF5586 /* Settings.xib in Resources */,
				4935CBEA18F3135A00BF5586 /* adb in Resources */,
				497602A118EA7A7700F85C87 /* jquery-2.1.0.min.js in Resources */,
				492A08FA192E62BF00DB0C37 /* play.png in Resources */,
				49FB478C18EA6106009B74BA /* glyphish.ttf in Resources */,
				491D2A6618E901330026A755 /* InfoPlist.strings in Resources */,
				491D2A7418E901330026A755 /* Images.xcassets in Resources */,
				49E2BDED19041A5500BC9DF3 /* About.xib in Resources */,
				0141819F19F06DFD00078B0C /* ElegantIcons.woff in Resources */,
				491D2A6C18E901330026A755 /* Credits.rtf in Resources */,
				491D2A7218E901330026A755 /* Snappy.xib in Resources */,
				011F31DB19D9DEF1009D37DA /* SnappyJS in Resources */,
				49248D1A18F023DE009837CD /* fonts.css in Resources */,
				491A367C18EA5CE700285295 /* mainUI.css in Resources */,
				491A367A18EA599400285295 /* mainUI.html in Resources */,
				49248D1818F023D3009837CD /* pacifico.woff in Resources */,
			);
			runOnlyForDeploymentPostprocessing = 0;
		};
		491D2A7718E901330026A755 /* Resources */ = {
			isa = PBXResourcesBuildPhase;
			buildActionMask = 2147483647;
			files = (
				491D2A8418E901330026A755 /* InfoPlist.strings in Resources */,
			);
			runOnlyForDeploymentPostprocessing = 0;
		};
/* End PBXResourcesBuildPhase section */

/* Begin PBXShellScriptBuildPhase section */
		01409A9E19EDD4590071A3CA /* ShellScript */ = {
			isa = PBXShellScriptBuildPhase;
			buildActionMask = 2147483647;
			files = (
			);
			inputPaths = (
			);
			outputPaths = (
			);
			runOnlyForDeploymentPostprocessing = 0;
			shellPath = /bin/sh;
			shellScript = "#!/bin/bash\nbuildNumber=$(/usr/libexec/PlistBuddy -c \"Print CFBundleVersion\" \"$INFOPLIST_FILE\")\nbuildNumber=$(($buildNumber + 1))\n/usr/libexec/PlistBuddy -c \"Set :CFBundleVersion $buildNumber\" \"$INFOPLIST_FILE\"";
		};
/* End PBXShellScriptBuildPhase section */

/* Begin PBXSourcesBuildPhase section */
		491D2A5418E901330026A755 /* Sources */ = {
			isa = PBXSourcesBuildPhase;
			buildActionMask = 2147483647;
			files = (
				01F0B61E19984B66000EF0A9 /* SnapJS.m in Sources */,
				015D04A319F546F800B4F461 /* AFNetworkReachabilityManager.m in Sources */,
				49B517B018FC7B680050E3AD /* SMCamView.m in Sources */,
				015D04A019F546F800B4F461 /* AFHTTPRequestOperation.m in Sources */,
				49B517AB18FC54D90050E3AD /* SnapMac Utils.c in Sources */,
				015D04A119F546F800B4F461 /* AFHTTPRequestOperationManager.m in Sources */,
				4915DFE619045DAE00969F60 /* SMImage.m in Sources */,
				015D04A819F546F800B4F461 /* AFURLSessionManager.m in Sources */,
				01A9F216199C521F003776E3 /* SMPhotoButton.m in Sources */,
				491D2AAC18E928590026A755 /* ASIDataCompressor.m in Sources */,
				491D2A9118E90F3E0026A755 /* SMConnection.m in Sources */,
				4935CBED18F315E400BF5586 /* SMAndroidSync.m in Sources */,
				014B8913199D939E00A4DE96 /* SMLoadingView.m in Sources */,
				491A367818EA587900285295 /* SMWebUI.m in Sources */,
				019AA93B19A029A6001F4A14 /* SMPhotoToolsView.m in Sources */,
				015D04A219F546F800B4F461 /* AFHTTPSessionManager.m in Sources */,
				01188AFD1A12B17E009348C3 /* SMBlockItem.m in Sources */,
				491D2AB018E928590026A755 /* ASIHTTPRequest.m in Sources */,
				015D04AE19F5555E00B4F461 /* SMFileCollector.m in Sources */,
				491D2AAF18E928590026A755 /* ASIFormDataRequest.m in Sources */,
				491D2A6F18E901330026A755 /* Snappy.m in Sources */,
				4935CBF218F32D5E00BF5586 /* SMSettings.m in Sources */,
				01B6A22A19F1B07700E2B22B /* About.m in Sources */,
				491D2AB118E928590026A755 /* ASIInputStream.m in Sources */,
				015D04A419F546F800B4F461 /* AFSecurityPolicy.m in Sources */,
				01F0B62119985F5F000EF0A9 /* SnapBack.m in Sources */,
				015D04A719F546F800B4F461 /* AFURLResponseSerialization.m in Sources */,
				014B8916199DA9ED00A4DE96 /* SMQuitMediaButton.m in Sources */,
				0143431419A2FF5400AF7366 /* SMBezierPath.m in Sources */,
				015771921A0D39B50032CDD5 /* SMWindow.m in Sources */,
				491D2A6818E901330026A755 /* main.m in Sources */,
				015D04A519F546F800B4F461 /* AFURLConnectionOperation.m in Sources */,
				491D2AB218E928590026A755 /* ASINetworkQueue.m in Sources */,
				0143431719A3066D00AF7366 /* SMFlashButton.m in Sources */,
				015D04AB19F54EFF00B4F461 /* SMCrypto.m in Sources */,
				491D2AAD18E928590026A755 /* ASIDataDecompressor.m in Sources */,
				015D04A619F546F800B4F461 /* AFURLRequestSerialization.m in Sources */,
				01041E31199FF5C500816CB4 /* SMButton.m in Sources */,
				49E8A8E11950D84200005668 /* NSData+Base64.m in Sources */,
				49CDBDE318F1CEB40097C4B1 /* SSKeychain.m in Sources */,
				491D2AAE18E928590026A755 /* ASIDownloadCache.m in Sources */,
			);
			runOnlyForDeploymentPostprocessing = 0;
		};
		491D2A7518E901330026A755 /* Sources */ = {
			isa = PBXSourcesBuildPhase;
			buildActionMask = 2147483647;
			files = (
				491D2A8618E901330026A755 /* SnapMacTests.m in Sources */,
			);
			runOnlyForDeploymentPostprocessing = 0;
		};
/* End PBXSourcesBuildPhase section */

/* Begin PBXTargetDependency section */
		491D2A7E18E901330026A755 /* PBXTargetDependency */ = {
			isa = PBXTargetDependency;
			target = 491D2A5718E901330026A755 /* Snappy */;
			targetProxy = 491D2A7D18E901330026A755 /* PBXContainerItemProxy */;
		};
/* End PBXTargetDependency section */

/* Begin PBXVariantGroup section */
		491D2A6418E901330026A755 /* InfoPlist.strings */ = {
			isa = PBXVariantGroup;
			children = (
				491D2A6518E901330026A755 /* en */,
			);
			name = InfoPlist.strings;
			sourceTree = "<group>";
		};
		491D2A6A18E901330026A755 /* Credits.rtf */ = {
			isa = PBXVariantGroup;
			children = (
				491D2A6B18E901330026A755 /* en */,
			);
			name = Credits.rtf;
			sourceTree = "<group>";
		};
		491D2A7018E901330026A755 /* Snappy.xib */ = {
			isa = PBXVariantGroup;
			children = (
				491D2A7118E901330026A755 /* Base */,
			);
			name = Snappy.xib;
			sourceTree = "<group>";
		};
		491D2A8218E901330026A755 /* InfoPlist.strings */ = {
			isa = PBXVariantGroup;
			children = (
				491D2A8318E901330026A755 /* en */,
			);
			name = InfoPlist.strings;
			sourceTree = "<group>";
		};
/* End PBXVariantGroup section */

/* Begin XCBuildConfiguration section */
		491D2A8718E901330026A755 /* Debug */ = {
			isa = XCBuildConfiguration;
			buildSettings = {
				ALWAYS_SEARCH_USER_PATHS = NO;
				CLANG_CXX_LANGUAGE_STANDARD = "gnu++0x";
				CLANG_CXX_LIBRARY = "libc++";
				CLANG_ENABLE_MODULES = YES;
				CLANG_ENABLE_OBJC_ARC = YES;
				CLANG_WARN_BOOL_CONVERSION = YES;
				CLANG_WARN_CONSTANT_CONVERSION = YES;
				CLANG_WARN_DIRECT_OBJC_ISA_USAGE = YES_ERROR;
				CLANG_WARN_EMPTY_BODY = YES;
				CLANG_WARN_ENUM_CONVERSION = YES;
				CLANG_WARN_INT_CONVERSION = YES;
				CLANG_WARN_OBJC_ROOT_CLASS = YES_ERROR;
				CLANG_WARN__DUPLICATE_METHOD_MATCH = YES;
				COPY_PHASE_STRIP = NO;
				GCC_C_LANGUAGE_STANDARD = gnu99;
				GCC_DYNAMIC_NO_PIC = NO;
				GCC_ENABLE_OBJC_EXCEPTIONS = YES;
				GCC_OPTIMIZATION_LEVEL = 0;
				GCC_PREPROCESSOR_DEFINITIONS = (
					"DEBUG=1",
					"$(inherited)",
				);
				GCC_SYMBOLS_PRIVATE_EXTERN = NO;
				GCC_WARN_64_TO_32_BIT_CONVERSION = YES;
				GCC_WARN_ABOUT_RETURN_TYPE = YES_ERROR;
				GCC_WARN_UNDECLARED_SELECTOR = YES;
				GCC_WARN_UNINITIALIZED_AUTOS = YES_AGGRESSIVE;
				GCC_WARN_UNUSED_FUNCTION = YES;
				GCC_WARN_UNUSED_VARIABLE = YES;
				MACOSX_DEPLOYMENT_TARGET = 10.9;
				ONLY_ACTIVE_ARCH = YES;
				SDKROOT = macosx;
			};
			name = Debug;
		};
		491D2A8818E901330026A755 /* Release */ = {
			isa = XCBuildConfiguration;
			buildSettings = {
				ALWAYS_SEARCH_USER_PATHS = NO;
				CLANG_CXX_LANGUAGE_STANDARD = "gnu++0x";
				CLANG_CXX_LIBRARY = "libc++";
				CLANG_ENABLE_MODULES = YES;
				CLANG_ENABLE_OBJC_ARC = YES;
				CLANG_WARN_BOOL_CONVERSION = YES;
				CLANG_WARN_CONSTANT_CONVERSION = YES;
				CLANG_WARN_DIRECT_OBJC_ISA_USAGE = YES_ERROR;
				CLANG_WARN_EMPTY_BODY = YES;
				CLANG_WARN_ENUM_CONVERSION = YES;
				CLANG_WARN_INT_CONVERSION = YES;
				CLANG_WARN_OBJC_ROOT_CLASS = YES_ERROR;
				CLANG_WARN__DUPLICATE_METHOD_MATCH = YES;
				COPY_PHASE_STRIP = YES;
				DEBUG_INFORMATION_FORMAT = "dwarf-with-dsym";
				ENABLE_NS_ASSERTIONS = NO;
				GCC_C_LANGUAGE_STANDARD = gnu99;
				GCC_ENABLE_OBJC_EXCEPTIONS = YES;
				GCC_WARN_64_TO_32_BIT_CONVERSION = YES;
				GCC_WARN_ABOUT_RETURN_TYPE = YES_ERROR;
				GCC_WARN_UNDECLARED_SELECTOR = YES;
				GCC_WARN_UNINITIALIZED_AUTOS = YES_AGGRESSIVE;
				GCC_WARN_UNUSED_FUNCTION = YES;
				GCC_WARN_UNUSED_VARIABLE = YES;
				MACOSX_DEPLOYMENT_TARGET = 10.9;
				SDKROOT = macosx;
			};
			name = Release;
		};
		491D2A8A18E901330026A755 /* Debug */ = {
			isa = XCBuildConfiguration;
			buildSettings = {
				CODE_SIGN_IDENTITY = "";
				COMBINE_HIDPI_IMAGES = YES;
				FRAMEWORK_SEARCH_PATHS = (
					"$(inherited)",
					"$(SYSTEM_LIBRARY_DIR)/PrivateFrameworks",
				);
				GCC_INCREASE_PRECOMPILED_HEADER_SHARING = YES;
				GCC_OPTIMIZATION_LEVEL = 0;
				GCC_PRECOMPILE_PREFIX_HEADER = YES;
				GCC_PREFIX_HEADER = "SnapMac/Snappy-Prefix.pch";
				HEADER_SEARCH_PATHS = (
					"$(inherited)",
					"/Applications/Xcode\\ 6.app/Contents/Developer/Toolchains/XcodeDefault.xctoolchain/usr/include",
					"$(SRCROOT)/**",
				);
				INFOPLIST_FILE = "SnapMac/Snappy-Info.plist";
				LIBRARY_SEARCH_PATHS = (
					"$(inherited)",
					"$(SDKROOT)/usr/lib/system",
				);
				MACOSX_DEPLOYMENT_TARGET = 10.8;
				PRODUCT_NAME = Snappy;
				SDKROOT = macosx;
				SUPPORTED_PLATFORMS = macosx;
				WRAPPER_EXTENSION = app;
			};
			name = Debug;
		};
		491D2A8B18E901330026A755 /* Release */ = {
			isa = XCBuildConfiguration;
			buildSettings = {
				CODE_SIGN_IDENTITY = "";
				COMBINE_HIDPI_IMAGES = YES;
				FRAMEWORK_SEARCH_PATHS = (
					"$(inherited)",
					"$(SYSTEM_LIBRARY_DIR)/PrivateFrameworks",
				);
				GCC_INCREASE_PRECOMPILED_HEADER_SHARING = YES;
				GCC_OPTIMIZATION_LEVEL = s;
				GCC_PRECOMPILE_PREFIX_HEADER = YES;
				GCC_PREFIX_HEADER = "SnapMac/Snappy-Prefix.pch";
				HEADER_SEARCH_PATHS = (
					"$(inherited)",
					"/Applications/Xcode\\ 6.app/Contents/Developer/Toolchains/XcodeDefault.xctoolchain/usr/include",
					"$(SRCROOT)/**",
				);
				INFOPLIST_FILE = "SnapMac/Snappy-Info.plist";
				LIBRARY_SEARCH_PATHS = (
					"$(inherited)",
					"$(SDKROOT)/usr/lib/system",
				);
				MACOSX_DEPLOYMENT_TARGET = 10.8;
				PRODUCT_NAME = Snappy;
				SDKROOT = macosx;
				SUPPORTED_PLATFORMS = macosx;
				WRAPPER_EXTENSION = app;
			};
			name = Release;
		};
		491D2A8D18E901330026A755 /* Debug */ = {
			isa = XCBuildConfiguration;
			buildSettings = {
				BUNDLE_LOADER = "$(BUILT_PRODUCTS_DIR)/SnapMac.app/Contents/MacOS/SnapMac";
				COMBINE_HIDPI_IMAGES = YES;
				FRAMEWORK_SEARCH_PATHS = (
					"$(DEVELOPER_FRAMEWORKS_DIR)",
					"$(inherited)",
				);
				GCC_PRECOMPILE_PREFIX_HEADER = YES;
				GCC_PREFIX_HEADER = "SnapMac/SnapMac-Prefix.pch";
				GCC_PREPROCESSOR_DEFINITIONS = (
					"DEBUG=1",
					"$(inherited)",
				);
				INFOPLIST_FILE = "SnapMacTests/SnappyTests-Info.plist";
				PRODUCT_NAME = SnappyTests;
				TEST_HOST = "$(BUNDLE_LOADER)";
				WRAPPER_EXTENSION = xctest;
			};
			name = Debug;
		};
		491D2A8E18E901330026A755 /* Release */ = {
			isa = XCBuildConfiguration;
			buildSettings = {
				BUNDLE_LOADER = "$(BUILT_PRODUCTS_DIR)/SnapMac.app/Contents/MacOS/SnapMac";
				COMBINE_HIDPI_IMAGES = YES;
				FRAMEWORK_SEARCH_PATHS = (
					"$(DEVELOPER_FRAMEWORKS_DIR)",
					"$(inherited)",
				);
				GCC_PRECOMPILE_PREFIX_HEADER = YES;
				GCC_PREFIX_HEADER = "SnapMac/SnapMac-Prefix.pch";
				INFOPLIST_FILE = "SnapMacTests/SnappyTests-Info.plist";
				PRODUCT_NAME = SnappyTests;
				TEST_HOST = "$(BUNDLE_LOADER)";
				WRAPPER_EXTENSION = xctest;
			};
			name = Release;
		};
/* End XCBuildConfiguration section */

/* Begin XCConfigurationList section */
		491D2A5318E901330026A755 /* Build configuration list for PBXProject "Snappy" */ = {
			isa = XCConfigurationList;
			buildConfigurations = (
				491D2A8718E901330026A755 /* Debug */,
				491D2A8818E901330026A755 /* Release */,
			);
			defaultConfigurationIsVisible = 0;
			defaultConfigurationName = Release;
		};
		491D2A8918E901330026A755 /* Build configuration list for PBXNativeTarget "Snappy" */ = {
			isa = XCConfigurationList;
			buildConfigurations = (
				491D2A8A18E901330026A755 /* Debug */,
				491D2A8B18E901330026A755 /* Release */,
			);
			defaultConfigurationIsVisible = 0;
			defaultConfigurationName = Release;
		};
		491D2A8C18E901330026A755 /* Build configuration list for PBXNativeTarget "SnappyTests" */ = {
			isa = XCConfigurationList;
			buildConfigurations = (
				491D2A8D18E901330026A755 /* Debug */,
				491D2A8E18E901330026A755 /* Release */,
			);
			defaultConfigurationIsVisible = 0;
			defaultConfigurationName = Release;
		};
/* End XCConfigurationList section */
	};
	rootObject = 491D2A5018E901330026A755 /* Project object */;
}
